// !$*UTF8*$!
{
	archiveVersion = 1;
	classes = {
	};
	objectVersion = 46;
	objects = {

/* Begin PBXBuildFile section */
		7965E0291D1C3BBB00DCFBAC /* AppDelegate.swift in Sources */ = {isa = PBXBuildFile; fileRef = 7965E0281D1C3BBB00DCFBAC /* AppDelegate.swift */; };
		7965E02B1D1C3BBB00DCFBAC /* ViewController.swift in Sources */ = {isa = PBXBuildFile; fileRef = 7965E02A1D1C3BBB00DCFBAC /* ViewController.swift */; };
		7965E02E1D1C3BBB00DCFBAC /* Main.storyboard in Resources */ = {isa = PBXBuildFile; fileRef = 7965E02C1D1C3BBB00DCFBAC /* Main.storyboard */; };
		7965E0301D1C3BBB00DCFBAC /* Assets.xcassets in Resources */ = {isa = PBXBuildFile; fileRef = 7965E02F1D1C3BBB00DCFBAC /* Assets.xcassets */; };
		7965E0331D1C3BBB00DCFBAC /* LaunchScreen.storyboard in Resources */ = {isa = PBXBuildFile; fileRef = 7965E0311D1C3BBB00DCFBAC /* LaunchScreen.storyboard */; };
/* End PBXBuildFile section */

/* Begin PBXFileReference section */
		7965E0251D1C3BBB00DCFBAC /* FunFacts.app */ = {isa = PBXFileReference; explicitFileType = wrapper.application; includeInIndex = 0; path = FunFacts.app; sourceTree = BUILT_PRODUCTS_DIR; };
		7965E0281D1C3BBB00DCFBAC /* AppDelegate.swift */ = {isa = PBXFileReference; lastKnownFileType = sourcecode.swift; path = AppDelegate.swift; sourceTree = "<group>"; };
		7965E02A1D1C3BBB00DCFBAC /* ViewController.swift */ = {isa = PBXFileReference; lastKnownFileType = sourcecode.swift; path = ViewController.swift; sourceTree = "<group>"; };
		7965E02D1D1C3BBB00DCFBAC /* Base */ = {isa = PBXFileReference; lastKnownFileType = file.storyboard; name = Base; path = Base.lproj/Main.storyboard; sourceTree = "<group>"; };
		7965E02F1D1C3BBB00DCFBAC /* Assets.xcassets */ = {isa = PBXFileReference; lastKnownFileType = folder.assetcatalog; path = Assets.xcassets; sourceTree = "<group>"; };
		7965E0321D1C3BBB00DCFBAC /* Base */ = {isa = PBXFileReference; lastKnownFileType = file.storyboard; name = Base; path = Base.lproj/LaunchScreen.storyboard; sourceTree = "<group>"; };
		7965E0341D1C3BBC00DCFBAC /* Info.plist */ = {isa = PBXFileReference; lastKnownFileType = text.plist.xml; path = Info.plist; sourceTree = "<group>"; };
/* End PBXFileReference section */

/* Begin PBXFrameworksBuildPhase section */
		7965E0221D1C3BBB00DCFBAC /* Frameworks */ = {
			isa = PBXFrameworksBuildPhase;
			buildActionMask = 2147483647;
			files = (
			);
			runOnlyForDeploymentPostprocessing = 0;
		};
/* End PBXFrameworksBuildPhase section */

/* Begin PBXGroup section */
		7965E01C1D1C3BBB00DCFBAC = {
			isa = PBXGroup;
			children = (
				7965E0271D1C3BBB00DCFBAC /* FunFacts */,
				7965E0261D1C3BBB00DCFBAC /* Products */,
			);
			sourceTree = "<group>";
		};
		7965E0261D1C3BBB00DCFBAC /* Products */ = {
			isa = PBXGroup;
			children = (
				7965E0251D1C3BBB00DCFBAC /* FunFacts.app */,
			);
			name = Products;
			sourceTree = "<group>";
		};
		7965E0271D1C3BBB00DCFBAC /* FunFacts */ = {
			isa = PBXGroup;
			children = (
				7965E0281D1C3BBB00DCFBAC /* AppDelegate.swift */,
				7965E02A1D1C3BBB00DCFBAC /* ViewController.swift */,
				7965E02C1D1C3BBB00DCFBAC /* Main.storyboard */,
				7965E02F1D1C3BBB00DCFBAC /* Assets.xcassets */,
				7965E0311D1C3BBB00DCFBAC /* LaunchScreen.storyboard */,
				7965E0341D1C3BBC00DCFBAC /* Info.plist */,
			);
			path = FunFacts;
			sourceTree = "<group>";
		};
/* End PBXGroup section */

/* Begin PBXNativeTarget section */
		7965E0241D1C3BBB00DCFBAC /* FunFacts */ = {
			isa = PBXNativeTarget;
			buildConfigurationList = 7965E0371D1C3BBC00DCFBAC /* Build configuration list for PBXNativeTarget "FunFacts" */;
			buildPhases = (
				7965E0211D1C3BBB00DCFBAC /* Sources */,
				7965E0221D1C3BBB00DCFBAC /* Frameworks */,
				7965E0231D1C3BBB00DCFBAC /* Resources */,
			);
			buildRules = (
			);
			dependencies = (
			);
			name = FunFacts;
			productName = FunFacts;
			productReference = 7965E0251D1C3BBB00DCFBAC /* FunFacts.app */;
			productType = "com.apple.product-type.application";
		};
/* End PBXNativeTarget section */

/* Begin PBXProject section */
		7965E01D1D1C3BBB00DCFBAC /* Project object */ = {
			isa = PBXProject;
			attributes = {
				LastSwiftUpdateCheck = 0720;
				LastUpgradeCheck = 0720;
				ORGANIZATIONNAME = "Cahyanto Setya Budi";
				TargetAttributes = {
					7965E0241D1C3BBB00DCFBAC = {
						CreatedOnToolsVersion = 7.2;
						DevelopmentTeam = EAN57SDFNQ;
					};
				};
			};
			buildConfigurationList = 7965E0201D1C3BBB00DCFBAC /* Build configuration list for PBXProject "FunFacts" */;
			compatibilityVersion = "Xcode 3.2";
			developmentRegion = English;
			hasScannedForEncodings = 0;
			knownRegions = (
				en,
				Base,
			);
			mainGroup = 7965E01C1D1C3BBB00DCFBAC;
			productRefGroup = 7965E0261D1C3BBB00DCFBAC /* Products */;
			projectDirPath = "";
			projectRoot = "";
			targets = (
				7965E0241D1C3BBB00DCFBAC /* FunFacts */,
			);
		};
/* End PBXProject section */

/* Begin PBXResourcesBuildPhase section */
		7965E0231D1C3BBB00DCFBAC /* Resources */ = {
			isa = PBXResourcesBuildPhase;
			buildActionMask = 2147483647;
			files = (
				7965E0331D1C3BBB00DCFBAC /* LaunchScreen.storyboard in Resources */,
				7965E0301D1C3BBB00DCFBAC /* Assets.xcassets in Resources */,
				7965E02E1D1C3BBB00DCFBAC /* Main.storyboard in Resources */,
			);
			runOnlyForDeploymentPostprocessing = 0;
		};
/* End PBXResourcesBuildPhase section */

/* Begin PBXSourcesBuildPhase section */
		7965E0211D1C3BBB00DCFBAC /* Sources */ = {
			isa = PBXSourcesBuildPhase;
			buildActionMask = 2147483647;
			files = (
				7965E02B1D1C3BBB00DCFBAC /* ViewController.swift in Sources */,
				7965E0291D1C3BBB00DCFBAC /* AppDelegate.swift in Sources */,
			);
			runOnlyForDeploymentPostprocessing = 0;
		};
/* End PBXSourcesBuildPhase section */

/* Begin PBXVariantGroup section */
		7965E02C1D1C3BBB00DCFBAC /* Main.storyboard */ = {
			isa = PBXVariantGroup;
			children = (
				7965E02D1D1C3BBB00DCFBAC /* Base */,
			);
			name = Main.storyboard;
			sourceTree = "<group>";
		};
		7965E0311D1C3BBB00DCFBAC /* LaunchScreen.storyboard */ = {
			isa = PBXVariantGroup;
			children = (
				7965E0321D1C3BBB00DCFBAC /* Base */,
			);
			name = LaunchScreen.storyboard;
			sourceTree = "<group>";
		};
/* End PBXVariantGroup section */

/* Begin XCBuildConfiguration section */
		7965E0351D1C3BBC00DCFBAC /* Debug */ = {
			isa = XCBuildConfiguration;
			buildSettings = {
				ALWAYS_SEARCH_USER_PATHS = NO;
				CLANG_CXX_LANGUAGE_STANDARD = "gnu++0x";
				CLANG_CXX_LIBRARY = "libc++";
				CLANG_ENABLE_MODULES = YES;
				CLANG_ENABLE_OBJC_ARC = YES;
				CLANG_WARN_BOOL_CONVERSION = YES;
				CLANG_WARN_CONSTANT_CONVERSION = YES;
				CLANG_WARN_DIRECT_OBJC_ISA_USAGE = YES_ERROR;
				CLANG_WARN_EMPTY_BODY = YES;
				CLANG_WARN_ENUM_CONVERSION = YES;
				CLANG_WARN_INT_CONVERSION = YES;
				CLANG_WARN_OBJC_ROOT_CLASS = YES_ERROR;
				CLANG_WARN_UNREACHABLE_CODE = YES;
				CLANG_WARN__DUPLICATE_METHOD_MATCH = YES;
				"CODE_SIGN_IDENTITY[sdk=iphoneos*]" = "iPhone Developer";
				COPY_PHASE_STRIP = NO;
				DEBUG_INFORMATION_FORMAT = dwarf;
				ENABLE_STRICT_OBJC_MSGSEND = YES;
				ENABLE_TESTABILITY = YES;
				GCC_C_LANGUAGE_STANDARD = gnu99;
				GCC_DYNAMIC_NO_PIC = NO;
				GCC_NO_COMMON_BLOCKS = YES;
				GCC_OPTIMIZATION_LEVEL = 0;
				GCC_PREPROCESSOR_DEFINITIONS = (
					"DEBUG=1",
					"$(inherited)",
				);
				GCC_WARN_64_TO_32_BIT_CONVERSION = YES;
				GCC_WARN_ABOUT_RETURN_TYPE = YES_ERROR;
				GCC_WARN_UNDECLARED_SELECTOR = YES;
				GCC_WARN_UNINITIALIZED_AUTOS = YES_AGGRESSIVE;
				GCC_WARN_UNUSED_FUNCTION = YES;
				GCC_WARN_UNUSED_VARIABLE = YES;
				IPHONEOS_DEPLOYMENT_TARGET = 9.2;
				MTL_ENABLE_DEBUG_INFO = YES;
				ONLY_ACTIVE_ARCH = YES;
				SDKROOT = iphoneos;
				SWIFT_OPTIMIZATION_LEVEL = "-Onone";
			};
			name = Debug;
		};
		7965E0361D1C3BBC00DCFBAC /* Release */ = {
			isa = XCBuildConfiguration;
			buildSettings = {
				ALWAYS_SEARCH_USER_PATHS = NO;
				CLANG_CXX_LANGUAGE_STANDARD = "gnu++0x";
				CLANG_CXX_LIBRARY = "libc++";
				CLANG_ENABLE_MODULES = YES;
				CLANG_ENABLE_OBJC_ARC = YES;
				CLANG_WARN_BOOL_CONVERSION = YES;
				CLANG_WARN_CONSTANT_CONVERSION = YES;
				CLANG_WARN_DIRECT_OBJC_ISA_USAGE = YES_ERROR;
				CLANG_WARN_EMPTY_BODY = YES;
				CLANG_WARN_ENUM_CONVERSION = YES;
				CLANG_WARN_INT_CONVERSION = YES;
				CLANG_WARN_OBJC_ROOT_CLASS = YES_ERROR;
				CLANG_WARN_UNREACHABLE_CODE = YES;
				CLANG_WARN__DUPLICATE_METHOD_MATCH = YES;
				"CODE_SIGN_IDENTITY[sdk=iphoneos*]" = "iPhone Developer";
				COPY_PHASE_STRIP = NO;
				DEBUG_INFORMATION_FORMAT = "dwarf-with-dsym";
				ENABLE_NS_ASSERTIONS = NO;
				ENABLE_STRICT_OBJC_MSGSEND = YES;
				GCC_C_LANGUAGE_STANDARD = gnu99;
				GCC_NO_COMMON_BLOCKS = YES;
				GCC_WARN_64_TO_32_BIT_CONVERSION = YES;
				GCC_WARN_ABOUT_RETURN_TYPE = YES_ERROR;
				GCC_WARN_UNDECLARED_SELECTOR = YES;
				GCC_WARN_UNINITIALIZED_AUTOS = YES_AGGRESSIVE;
				GCC_WARN_UNUSED_FUNCTION = YES;
				GCC_WARN_UNUSED_VARIABLE = YES;
				IPHONEOS_DEPLOYMENT_TARGET = 9.2;
				MTL_ENABLE_DEBUG_INFO = NO;
				SDKROOT = iphoneos;
				VALIDATE_PRODUCT = YES;
			};
			name = Release;
		};
		7965E0381D1C3BBC00DCFBAC /* Debug */ = {
			isa = XCBuildConfiguration;
			buildSettings = {
				ASSETCATALOG_COMPILER_APPICON_NAME = AppIcon;
				INFOPLIST_FILE = FunFacts/Info.plist;
				LD_RUNPATH_SEARCH_PATHS = "$(inherited) @executable_path/Frameworks";
				PRODUCT_BUNDLE_IDENTIFIER = id.or.codelabs.unikom.FunFacts;
				PRODUCT_NAME = "$(TARGET_NAME)";
			};
			name = Debug;
		};
		7965E0391D1C3BBC00DCFBAC /* Release */ = {
			isa = XCBuildConfiguration;
			buildSettings = {
				ASSETCATALOG_COMPILER_APPICON_NAME = AppIcon;
				INFOPLIST_FILE = FunFacts/Info.plist;
				LD_RUNPATH_SEARCH_PATHS = "$(inherited) @executable_path/Frameworks";
				PRODUCT_BUNDLE_IDENTIFIER = id.or.codelabs.unikom.FunFacts;
				PRODUCT_NAME = "$(TARGET_NAME)";
			};
			name = Release;
		};
/* End XCBuildConfiguration section */

/* Begin XCConfigurationList section */
		7965E0201D1C3BBB00DCFBAC /* Build configuration list for PBXProject "FunFacts" */ = {
			isa = XCConfigurationList;
			buildConfigurations = (
				7965E0351D1C3BBC00DCFBAC /* Debug */,
				7965E0361D1C3BBC00DCFBAC /* Release */,
			);
			defaultConfigurationIsVisible = 0;
			defaultConfigurationName = Release;
		};
		7965E0371D1C3BBC00DCFBAC /* Build configuration list for PBXNativeTarget "FunFacts" */ = {
			isa = XCConfigurationList;
			buildConfigurations = (
				7965E0381D1C3BBC00DCFBAC /* Debug */,
				7965E0391D1C3BBC00DCFBAC /* Release */,
			);
			defaultConfigurationIsVisible = 0;
		};
/* End XCConfigurationList section */
	};
	rootObject = 7965E01D1D1C3BBB00DCFBAC /* Project object */;
}
